// !$*UTF8*$!
{
	archiveVersion = 1;
	classes = {
	};
	objectVersion = 55;
	objects = {

/* Begin PBXBuildFile section */
		1E06D2DE27D8EDD80092351D /* RedditPostListProviderTest.swift in Sources */ = {isa = PBXBuildFile; fileRef = 1E06D2DD27D8EDD80092351D /* RedditPostListProviderTest.swift */; };
		1E06D2E027D8EEAC0092351D /* MockRedditAPI.swift in Sources */ = {isa = PBXBuildFile; fileRef = 1E06D2DF27D8EEAC0092351D /* MockRedditAPI.swift */; };
		1E06D2E227D8F1230092351D /* RedditListing+Stub.swift in Sources */ = {isa = PBXBuildFile; fileRef = 1E06D2E127D8F1230092351D /* RedditListing+Stub.swift */; };
		1E06D2E427D8F1F00092351D /* RedditPost+Stub.swift in Sources */ = {isa = PBXBuildFile; fileRef = 1E06D2E327D8F1F00092351D /* RedditPost+Stub.swift */; };
		1E06D2E627D8F2750092351D /* ListingData+Stub.swift in Sources */ = {isa = PBXBuildFile; fileRef = 1E06D2E527D8F2750092351D /* ListingData+Stub.swift */; };
		1E06D2E827D8F2F40092351D /* PostData+Stub.swift in Sources */ = {isa = PBXBuildFile; fileRef = 1E06D2E727D8F2F40092351D /* PostData+Stub.swift */; };
		1E06D2EC27D8F7300092351D /* PostListModelTest.swift in Sources */ = {isa = PBXBuildFile; fileRef = 1E06D2EB27D8F7300092351D /* PostListModelTest.swift */; };
		1E06D2EE27D8FFD80092351D /* PostDetailModelTest.swift in Sources */ = {isa = PBXBuildFile; fileRef = 1E06D2ED27D8FFD80092351D /* PostDetailModelTest.swift */; };
		1E06D2F027D900270092351D /* MockPostListStorage.swift in Sources */ = {isa = PBXBuildFile; fileRef = 1E06D2EF27D900270092351D /* MockPostListStorage.swift */; };
		1E06D2F227D9969F0092351D /* UIView+Layout.swift in Sources */ = {isa = PBXBuildFile; fileRef = 1E06D2F127D9969F0092351D /* UIView+Layout.swift */; };
		1E06D2F527D9A22B0092351D /* BrowseCoordinatorFlow.swift in Sources */ = {isa = PBXBuildFile; fileRef = 1E06D2F427D9A22B0092351D /* BrowseCoordinatorFlow.swift */; };
		1E06D2F827D9A32A0092351D /* FavoriteCoordinatorFlow.swift in Sources */ = {isa = PBXBuildFile; fileRef = 1E06D2F727D9A32A0092351D /* FavoriteCoordinatorFlow.swift */; };
		1E63960227D0EBD500DA0B1A /* AppDelegate.swift in Sources */ = {isa = PBXBuildFile; fileRef = 1E63960127D0EBD500DA0B1A /* AppDelegate.swift */; };
		1E63960B27D0EBD600DA0B1A /* Assets.xcassets in Resources */ = {isa = PBXBuildFile; fileRef = 1E63960A27D0EBD600DA0B1A /* Assets.xcassets */; };
		1E63960E27D0EBD600DA0B1A /* LaunchScreen.storyboard in Resources */ = {isa = PBXBuildFile; fileRef = 1E63960C27D0EBD600DA0B1A /* LaunchScreen.storyboard */; };
		1E63962327D0EBD700DA0B1A /* CorrectMVCUITests.swift in Sources */ = {isa = PBXBuildFile; fileRef = 1E63962227D0EBD700DA0B1A /* CorrectMVCUITests.swift */; };
		1E63962527D0EBD700DA0B1A /* CorrectMVCUITestsLaunchTests.swift in Sources */ = {isa = PBXBuildFile; fileRef = 1E63962427D0EBD700DA0B1A /* CorrectMVCUITestsLaunchTests.swift */; };
		1E68FC6027D476B600057B8D /* PostListController.swift in Sources */ = {isa = PBXBuildFile; fileRef = 1E68FC5F27D476B600057B8D /* PostListController.swift */; };
		1E68FC6527D476E200057B8D /* PostListModel.swift in Sources */ = {isa = PBXBuildFile; fileRef = 1E68FC6427D476E200057B8D /* PostListModel.swift */; };
		1E68FC6727D4775B00057B8D /* PostListProvider.swift in Sources */ = {isa = PBXBuildFile; fileRef = 1E68FC6627D4775B00057B8D /* PostListProvider.swift */; };
		1E68FC6B27D4A7AC00057B8D /* NSObject+TypeName.swift in Sources */ = {isa = PBXBuildFile; fileRef = 1E68FC6927D4A7AC00057B8D /* NSObject+TypeName.swift */; };
		1E68FC6C27D4A7AC00057B8D /* UITableView+Reusable.swift in Sources */ = {isa = PBXBuildFile; fileRef = 1E68FC6A27D4A7AC00057B8D /* UITableView+Reusable.swift */; };
		1E68FC6E27D4A7C000057B8D /* UIView+NibInit.swift in Sources */ = {isa = PBXBuildFile; fileRef = 1E68FC6D27D4A7C000057B8D /* UIView+NibInit.swift */; };
		1E68FC7227D4A81900057B8D /* Reusable.swift in Sources */ = {isa = PBXBuildFile; fileRef = 1E68FC7127D4A81800057B8D /* Reusable.swift */; };
		1E68FC7427D4A8BA00057B8D /* BaseViewController.swift in Sources */ = {isa = PBXBuildFile; fileRef = 1E68FC7327D4A8BA00057B8D /* BaseViewController.swift */; };
		1E68FC7827D4AA5800057B8D /* PostListView.swift in Sources */ = {isa = PBXBuildFile; fileRef = 1E68FC7727D4AA5800057B8D /* PostListView.swift */; };
		1E68FC7F27D4F20800057B8D /* PostListCell.swift in Sources */ = {isa = PBXBuildFile; fileRef = 1E68FC7E27D4F20800057B8D /* PostListCell.swift */; };
		1E68FC8127D4F32900057B8D /* UICollectionView+Reusable.swift in Sources */ = {isa = PBXBuildFile; fileRef = 1E68FC8027D4F32900057B8D /* UICollectionView+Reusable.swift */; };
		1E68FC8327D4F52E00057B8D /* PostListLayout.swift in Sources */ = {isa = PBXBuildFile; fileRef = 1E68FC8227D4F52E00057B8D /* PostListLayout.swift */; };
		1E68FC8927D5EF0F00057B8D /* PostDetailModel.swift in Sources */ = {isa = PBXBuildFile; fileRef = 1E68FC8827D5EF0F00057B8D /* PostDetailModel.swift */; };
		1E68FC8B27D5EF1900057B8D /* PostDetailView.swift in Sources */ = {isa = PBXBuildFile; fileRef = 1E68FC8A27D5EF1900057B8D /* PostDetailView.swift */; };
		1E68FC8D27D5EF2100057B8D /* PostDetailController.swift in Sources */ = {isa = PBXBuildFile; fileRef = 1E68FC8C27D5EF2100057B8D /* PostDetailController.swift */; };
		1E68FC8F27D5F7D400057B8D /* BaseView.swift in Sources */ = {isa = PBXBuildFile; fileRef = 1E68FC8E27D5F7D400057B8D /* BaseView.swift */; };
		1E68FC9327D5FE8200057B8D /* Post.swift in Sources */ = {isa = PBXBuildFile; fileRef = 1E68FC9227D5FE8200057B8D /* Post.swift */; };
		1E68FC9527D5FECB00057B8D /* FavoritePostListStorage.swift in Sources */ = {isa = PBXBuildFile; fileRef = 1E68FC9427D5FECB00057B8D /* FavoritePostListStorage.swift */; };
		1E68FC9727D5FF6C00057B8D /* PostListStorage.swift in Sources */ = {isa = PBXBuildFile; fileRef = 1E68FC9627D5FF6C00057B8D /* PostListStorage.swift */; };
		1E68FC9C27D61EF500057B8D /* BrowseCoordinator.swift in Sources */ = {isa = PBXBuildFile; fileRef = 1E68FC9B27D61EF500057B8D /* BrowseCoordinator.swift */; };
		1E68FC9E27D61FFC00057B8D /* LaunchCoordinator.swift in Sources */ = {isa = PBXBuildFile; fileRef = 1E68FC9D27D61FFC00057B8D /* LaunchCoordinator.swift */; };
		1E68FCA027D6263E00057B8D /* FavoriteCoordinator.swift in Sources */ = {isa = PBXBuildFile; fileRef = 1E68FC9F27D6263E00057B8D /* FavoriteCoordinator.swift */; };
		1E68FCA227D626BE00057B8D /* FavoritePostListProvider.swift in Sources */ = {isa = PBXBuildFile; fileRef = 1E68FCA127D626BE00057B8D /* FavoritePostListProvider.swift */; };
		1E68FCA527D62DCC00057B8D /* PostListAssembly.swift in Sources */ = {isa = PBXBuildFile; fileRef = 1E68FCA427D62DCC00057B8D /* PostListAssembly.swift */; };
		1E68FCA827D6301900057B8D /* PostDetailAssembly.swift in Sources */ = {isa = PBXBuildFile; fileRef = 1E68FCA727D6301900057B8D /* PostDetailAssembly.swift */; };
		1E68FCB327D64CE100057B8D /* RedditAPI.swift in Sources */ = {isa = PBXBuildFile; fileRef = 1E68FCB227D64CE100057B8D /* RedditAPI.swift */; };
		1E68FCB527D64CF000057B8D /* RedditAPIError.swift in Sources */ = {isa = PBXBuildFile; fileRef = 1E68FCB427D64CF000057B8D /* RedditAPIError.swift */; };
		1E68FCB727D64D3C00057B8D /* RedditPost.swift in Sources */ = {isa = PBXBuildFile; fileRef = 1E68FCB627D64D3C00057B8D /* RedditPost.swift */; };
		1E68FCB927D64D5100057B8D /* RedditListing.swift in Sources */ = {isa = PBXBuildFile; fileRef = 1E68FCB827D64D5100057B8D /* RedditListing.swift */; };
		1E68FCC027D64DC900057B8D /* RedditPostListProvider.swift in Sources */ = {isa = PBXBuildFile; fileRef = 1E68FCBF27D64DC900057B8D /* RedditPostListProvider.swift */; };
		1E68FCC327D6553E00057B8D /* SDWebImage in Frameworks */ = {isa = PBXBuildFile; productRef = 1E68FCC227D6553E00057B8D /* SDWebImage */; };
		1E92992527D8406C00F27096 /* FavoritePostListProviderTest.swift in Sources */ = {isa = PBXBuildFile; fileRef = 1E92992427D8406C00F27096 /* FavoritePostListProviderTest.swift */; };
		1E92992727D840BA00F27096 /* FavoritePostListStorageTest.swift in Sources */ = {isa = PBXBuildFile; fileRef = 1E92992627D840BA00F27096 /* FavoritePostListStorageTest.swift */; };
		1E92992B27D844B000F27096 /* Post+Stub.swift in Sources */ = {isa = PBXBuildFile; fileRef = 1E92992A27D844B000F27096 /* Post+Stub.swift */; };
		1E92992C27D844B400F27096 /* MockPostListProvider.swift in Sources */ = {isa = PBXBuildFile; fileRef = 1E68FC7C27D4E4C800057B8D /* MockPostListProvider.swift */; };
		1E92992F27D8497000F27096 /* UserDefaults+MockFactory.swift in Sources */ = {isa = PBXBuildFile; fileRef = 1E92992E27D8497000F27096 /* UserDefaults+MockFactory.swift */; };
/* End PBXBuildFile section */

/* Begin PBXContainerItemProxy section */
		1E63961527D0EBD700DA0B1A /* PBXContainerItemProxy */ = {
			isa = PBXContainerItemProxy;
			containerPortal = 1E6395F627D0EBD500DA0B1A /* Project object */;
			proxyType = 1;
			remoteGlobalIDString = 1E6395FD27D0EBD500DA0B1A;
			remoteInfo = CorrectMVC;
		};
		1E63961F27D0EBD700DA0B1A /* PBXContainerItemProxy */ = {
			isa = PBXContainerItemProxy;
			containerPortal = 1E6395F627D0EBD500DA0B1A /* Project object */;
			proxyType = 1;
			remoteGlobalIDString = 1E6395FD27D0EBD500DA0B1A;
			remoteInfo = CorrectMVC;
		};
/* End PBXContainerItemProxy section */

/* Begin PBXFileReference section */
		1E06D2DD27D8EDD80092351D /* RedditPostListProviderTest.swift */ = {isa = PBXFileReference; lastKnownFileType = sourcecode.swift; path = RedditPostListProviderTest.swift; sourceTree = "<group>"; };
		1E06D2DF27D8EEAC0092351D /* MockRedditAPI.swift */ = {isa = PBXFileReference; lastKnownFileType = sourcecode.swift; path = MockRedditAPI.swift; sourceTree = "<group>"; };
		1E06D2E127D8F1230092351D /* RedditListing+Stub.swift */ = {isa = PBXFileReference; lastKnownFileType = sourcecode.swift; path = "RedditListing+Stub.swift"; sourceTree = "<group>"; };
		1E06D2E327D8F1F00092351D /* RedditPost+Stub.swift */ = {isa = PBXFileReference; lastKnownFileType = sourcecode.swift; path = "RedditPost+Stub.swift"; sourceTree = "<group>"; };
		1E06D2E527D8F2750092351D /* ListingData+Stub.swift */ = {isa = PBXFileReference; lastKnownFileType = sourcecode.swift; path = "ListingData+Stub.swift"; sourceTree = "<group>"; };
		1E06D2E727D8F2F40092351D /* PostData+Stub.swift */ = {isa = PBXFileReference; lastKnownFileType = sourcecode.swift; path = "PostData+Stub.swift"; sourceTree = "<group>"; };
		1E06D2EB27D8F7300092351D /* PostListModelTest.swift */ = {isa = PBXFileReference; lastKnownFileType = sourcecode.swift; path = PostListModelTest.swift; sourceTree = "<group>"; };
		1E06D2ED27D8FFD80092351D /* PostDetailModelTest.swift */ = {isa = PBXFileReference; lastKnownFileType = sourcecode.swift; path = PostDetailModelTest.swift; sourceTree = "<group>"; };
		1E06D2EF27D900270092351D /* MockPostListStorage.swift */ = {isa = PBXFileReference; lastKnownFileType = sourcecode.swift; path = MockPostListStorage.swift; sourceTree = "<group>"; };
		1E06D2F127D9969F0092351D /* UIView+Layout.swift */ = {isa = PBXFileReference; fileEncoding = 4; lastKnownFileType = sourcecode.swift; path = "UIView+Layout.swift"; sourceTree = "<group>"; };
		1E06D2F427D9A22B0092351D /* BrowseCoordinatorFlow.swift */ = {isa = PBXFileReference; lastKnownFileType = sourcecode.swift; path = BrowseCoordinatorFlow.swift; sourceTree = "<group>"; };
		1E06D2F727D9A32A0092351D /* FavoriteCoordinatorFlow.swift */ = {isa = PBXFileReference; lastKnownFileType = sourcecode.swift; path = FavoriteCoordinatorFlow.swift; sourceTree = "<group>"; };
		1E6395FE27D0EBD500DA0B1A /* CorrectMVC.app */ = {isa = PBXFileReference; explicitFileType = wrapper.application; includeInIndex = 0; path = CorrectMVC.app; sourceTree = BUILT_PRODUCTS_DIR; };
		1E63960127D0EBD500DA0B1A /* AppDelegate.swift */ = {isa = PBXFileReference; lastKnownFileType = sourcecode.swift; path = AppDelegate.swift; sourceTree = "<group>"; };
		1E63960A27D0EBD600DA0B1A /* Assets.xcassets */ = {isa = PBXFileReference; lastKnownFileType = folder.assetcatalog; path = Assets.xcassets; sourceTree = "<group>"; };
		1E63960D27D0EBD600DA0B1A /* Base */ = {isa = PBXFileReference; lastKnownFileType = file.storyboard; name = Base; path = Base.lproj/LaunchScreen.storyboard; sourceTree = "<group>"; };
		1E63960F27D0EBD600DA0B1A /* Info.plist */ = {isa = PBXFileReference; lastKnownFileType = text.plist.xml; path = Info.plist; sourceTree = "<group>"; };
		1E63961427D0EBD700DA0B1A /* CorrectMVCTests.xctest */ = {isa = PBXFileReference; explicitFileType = wrapper.cfbundle; includeInIndex = 0; path = CorrectMVCTests.xctest; sourceTree = BUILT_PRODUCTS_DIR; };
		1E63961E27D0EBD700DA0B1A /* CorrectMVCUITests.xctest */ = {isa = PBXFileReference; explicitFileType = wrapper.cfbundle; includeInIndex = 0; path = CorrectMVCUITests.xctest; sourceTree = BUILT_PRODUCTS_DIR; };
		1E63962227D0EBD700DA0B1A /* CorrectMVCUITests.swift */ = {isa = PBXFileReference; lastKnownFileType = sourcecode.swift; path = CorrectMVCUITests.swift; sourceTree = "<group>"; };
		1E63962427D0EBD700DA0B1A /* CorrectMVCUITestsLaunchTests.swift */ = {isa = PBXFileReference; lastKnownFileType = sourcecode.swift; path = CorrectMVCUITestsLaunchTests.swift; sourceTree = "<group>"; };
		1E68FC5F27D476B600057B8D /* PostListController.swift */ = {isa = PBXFileReference; lastKnownFileType = sourcecode.swift; path = PostListController.swift; sourceTree = "<group>"; };
		1E68FC6427D476E200057B8D /* PostListModel.swift */ = {isa = PBXFileReference; lastKnownFileType = sourcecode.swift; path = PostListModel.swift; sourceTree = "<group>"; };
		1E68FC6627D4775B00057B8D /* PostListProvider.swift */ = {isa = PBXFileReference; lastKnownFileType = sourcecode.swift; path = PostListProvider.swift; sourceTree = "<group>"; };
		1E68FC6927D4A7AC00057B8D /* NSObject+TypeName.swift */ = {isa = PBXFileReference; fileEncoding = 4; lastKnownFileType = sourcecode.swift; path = "NSObject+TypeName.swift"; sourceTree = "<group>"; };
		1E68FC6A27D4A7AC00057B8D /* UITableView+Reusable.swift */ = {isa = PBXFileReference; fileEncoding = 4; lastKnownFileType = sourcecode.swift; path = "UITableView+Reusable.swift"; sourceTree = "<group>"; };
		1E68FC6D27D4A7C000057B8D /* UIView+NibInit.swift */ = {isa = PBXFileReference; fileEncoding = 4; lastKnownFileType = sourcecode.swift; path = "UIView+NibInit.swift"; sourceTree = "<group>"; };
		1E68FC7127D4A81800057B8D /* Reusable.swift */ = {isa = PBXFileReference; lastKnownFileType = sourcecode.swift; path = Reusable.swift; sourceTree = "<group>"; };
		1E68FC7327D4A8BA00057B8D /* BaseViewController.swift */ = {isa = PBXFileReference; lastKnownFileType = sourcecode.swift; path = BaseViewController.swift; sourceTree = "<group>"; };
		1E68FC7727D4AA5800057B8D /* PostListView.swift */ = {isa = PBXFileReference; lastKnownFileType = sourcecode.swift; path = PostListView.swift; sourceTree = "<group>"; };
		1E68FC7C27D4E4C800057B8D /* MockPostListProvider.swift */ = {isa = PBXFileReference; lastKnownFileType = sourcecode.swift; path = MockPostListProvider.swift; sourceTree = "<group>"; };
		1E68FC7E27D4F20800057B8D /* PostListCell.swift */ = {isa = PBXFileReference; lastKnownFileType = sourcecode.swift; path = PostListCell.swift; sourceTree = "<group>"; };
		1E68FC8027D4F32900057B8D /* UICollectionView+Reusable.swift */ = {isa = PBXFileReference; lastKnownFileType = sourcecode.swift; path = "UICollectionView+Reusable.swift"; sourceTree = "<group>"; };
		1E68FC8227D4F52E00057B8D /* PostListLayout.swift */ = {isa = PBXFileReference; lastKnownFileType = sourcecode.swift; path = PostListLayout.swift; sourceTree = "<group>"; };
		1E68FC8827D5EF0F00057B8D /* PostDetailModel.swift */ = {isa = PBXFileReference; lastKnownFileType = sourcecode.swift; path = PostDetailModel.swift; sourceTree = "<group>"; };
		1E68FC8A27D5EF1900057B8D /* PostDetailView.swift */ = {isa = PBXFileReference; lastKnownFileType = sourcecode.swift; path = PostDetailView.swift; sourceTree = "<group>"; };
		1E68FC8C27D5EF2100057B8D /* PostDetailController.swift */ = {isa = PBXFileReference; lastKnownFileType = sourcecode.swift; path = PostDetailController.swift; sourceTree = "<group>"; };
		1E68FC8E27D5F7D400057B8D /* BaseView.swift */ = {isa = PBXFileReference; lastKnownFileType = sourcecode.swift; path = BaseView.swift; sourceTree = "<group>"; };
		1E68FC9227D5FE8200057B8D /* Post.swift */ = {isa = PBXFileReference; lastKnownFileType = sourcecode.swift; path = Post.swift; sourceTree = "<group>"; };
		1E68FC9427D5FECB00057B8D /* FavoritePostListStorage.swift */ = {isa = PBXFileReference; lastKnownFileType = sourcecode.swift; path = FavoritePostListStorage.swift; sourceTree = "<group>"; };
		1E68FC9627D5FF6C00057B8D /* PostListStorage.swift */ = {isa = PBXFileReference; lastKnownFileType = sourcecode.swift; path = PostListStorage.swift; sourceTree = "<group>"; };
		1E68FC9B27D61EF500057B8D /* BrowseCoordinator.swift */ = {isa = PBXFileReference; lastKnownFileType = sourcecode.swift; path = BrowseCoordinator.swift; sourceTree = "<group>"; };
		1E68FC9D27D61FFC00057B8D /* LaunchCoordinator.swift */ = {isa = PBXFileReference; lastKnownFileType = sourcecode.swift; path = LaunchCoordinator.swift; sourceTree = "<group>"; };
		1E68FC9F27D6263E00057B8D /* FavoriteCoordinator.swift */ = {isa = PBXFileReference; lastKnownFileType = sourcecode.swift; path = FavoriteCoordinator.swift; sourceTree = "<group>"; };
		1E68FCA127D626BE00057B8D /* FavoritePostListProvider.swift */ = {isa = PBXFileReference; lastKnownFileType = sourcecode.swift; path = FavoritePostListProvider.swift; sourceTree = "<group>"; };
		1E68FCA427D62DCC00057B8D /* PostListAssembly.swift */ = {isa = PBXFileReference; lastKnownFileType = sourcecode.swift; path = PostListAssembly.swift; sourceTree = "<group>"; };
		1E68FCA727D6301900057B8D /* PostDetailAssembly.swift */ = {isa = PBXFileReference; lastKnownFileType = sourcecode.swift; path = PostDetailAssembly.swift; sourceTree = "<group>"; };
		1E68FCB227D64CE100057B8D /* RedditAPI.swift */ = {isa = PBXFileReference; lastKnownFileType = sourcecode.swift; path = RedditAPI.swift; sourceTree = "<group>"; };
		1E68FCB427D64CF000057B8D /* RedditAPIError.swift */ = {isa = PBXFileReference; lastKnownFileType = sourcecode.swift; path = RedditAPIError.swift; sourceTree = "<group>"; };
		1E68FCB627D64D3C00057B8D /* RedditPost.swift */ = {isa = PBXFileReference; lastKnownFileType = sourcecode.swift; path = RedditPost.swift; sourceTree = "<group>"; };
		1E68FCB827D64D5100057B8D /* RedditListing.swift */ = {isa = PBXFileReference; lastKnownFileType = sourcecode.swift; path = RedditListing.swift; sourceTree = "<group>"; };
		1E68FCBF27D64DC900057B8D /* RedditPostListProvider.swift */ = {isa = PBXFileReference; lastKnownFileType = sourcecode.swift; path = RedditPostListProvider.swift; sourceTree = "<group>"; };
		1E92992327D8406C00F27096 /* CorrectMVCTests-Bridging-Header.h */ = {isa = PBXFileReference; lastKnownFileType = sourcecode.c.h; path = "CorrectMVCTests-Bridging-Header.h"; sourceTree = "<group>"; };
		1E92992427D8406C00F27096 /* FavoritePostListProviderTest.swift */ = {isa = PBXFileReference; lastKnownFileType = sourcecode.swift; path = FavoritePostListProviderTest.swift; sourceTree = "<group>"; };
		1E92992627D840BA00F27096 /* FavoritePostListStorageTest.swift */ = {isa = PBXFileReference; lastKnownFileType = sourcecode.swift; path = FavoritePostListStorageTest.swift; sourceTree = "<group>"; };
		1E92992A27D844B000F27096 /* Post+Stub.swift */ = {isa = PBXFileReference; lastKnownFileType = sourcecode.swift; path = "Post+Stub.swift"; sourceTree = "<group>"; };
		1E92992E27D8497000F27096 /* UserDefaults+MockFactory.swift */ = {isa = PBXFileReference; lastKnownFileType = sourcecode.swift; path = "UserDefaults+MockFactory.swift"; sourceTree = "<group>"; };
/* End PBXFileReference section */

/* Begin PBXFrameworksBuildPhase section */
		1E6395FB27D0EBD500DA0B1A /* Frameworks */ = {
			isa = PBXFrameworksBuildPhase;
			buildActionMask = 2147483647;
			files = (
				1E68FCC327D6553E00057B8D /* SDWebImage in Frameworks */,
			);
			runOnlyForDeploymentPostprocessing = 0;
		};
		1E63961127D0EBD700DA0B1A /* Frameworks */ = {
			isa = PBXFrameworksBuildPhase;
			buildActionMask = 2147483647;
			files = (
			);
			runOnlyForDeploymentPostprocessing = 0;
		};
		1E63961B27D0EBD700DA0B1A /* Frameworks */ = {
			isa = PBXFrameworksBuildPhase;
			buildActionMask = 2147483647;
			files = (
			);
			runOnlyForDeploymentPostprocessing = 0;
		};
/* End PBXFrameworksBuildPhase section */

/* Begin PBXGroup section */
		1E06D2E927D8F6A80092351D /* Stubs */ = {
			isa = PBXGroup;
			children = (
				1E92992A27D844B000F27096 /* Post+Stub.swift */,
				1E06D2E127D8F1230092351D /* RedditListing+Stub.swift */,
				1E06D2E527D8F2750092351D /* ListingData+Stub.swift */,
				1E06D2E727D8F2F40092351D /* PostData+Stub.swift */,
				1E06D2E327D8F1F00092351D /* RedditPost+Stub.swift */,
			);
			path = Stubs;
			sourceTree = "<group>";
		};
		1E06D2EA27D8F6C70092351D /* Presentation */ = {
			isa = PBXGroup;
			children = (
				1E06D2EB27D8F7300092351D /* PostListModelTest.swift */,
				1E06D2ED27D8FFD80092351D /* PostDetailModelTest.swift */,
			);
			path = Presentation;
			sourceTree = "<group>";
		};
		1E06D2F327D9A1FA0092351D /* Browse */ = {
			isa = PBXGroup;
			children = (
				1E68FC9B27D61EF500057B8D /* BrowseCoordinator.swift */,
				1E06D2F427D9A22B0092351D /* BrowseCoordinatorFlow.swift */,
			);
			path = Browse;
			sourceTree = "<group>";
		};
		1E06D2F627D9A3160092351D /* Favorite */ = {
			isa = PBXGroup;
			children = (
				1E68FC9F27D6263E00057B8D /* FavoriteCoordinator.swift */,
				1E06D2F727D9A32A0092351D /* FavoriteCoordinatorFlow.swift */,
			);
			path = Favorite;
			sourceTree = "<group>";
		};
		1E06D2F927D9A3B50092351D /* Application */ = {
			isa = PBXGroup;
			children = (
			);
			path = Application;
			sourceTree = "<group>";
		};
		1E6395F527D0EBD500DA0B1A = {
			isa = PBXGroup;
			children = (
				1E63960027D0EBD500DA0B1A /* CorrectMVC */,
				1E63961727D0EBD700DA0B1A /* CorrectMVCTests */,
				1E63962127D0EBD700DA0B1A /* CorrectMVCUITests */,
				1E6395FF27D0EBD500DA0B1A /* Products */,
			);
			sourceTree = "<group>";
		};
		1E6395FF27D0EBD500DA0B1A /* Products */ = {
			isa = PBXGroup;
			children = (
				1E6395FE27D0EBD500DA0B1A /* CorrectMVC.app */,
				1E63961427D0EBD700DA0B1A /* CorrectMVCTests.xctest */,
				1E63961E27D0EBD700DA0B1A /* CorrectMVCUITests.xctest */,
			);
			name = Products;
			sourceTree = "<group>";
		};
		1E63960027D0EBD500DA0B1A /* CorrectMVC */ = {
			isa = PBXGroup;
			children = (
				1E68FC5A27D4753200057B8D /* Application */,
				1E68FC5E27D4765100057B8D /* Presentation */,
				1E68FC5D27D4764800057B8D /* Configuration */,
				1E68FC5C27D4764200057B8D /* Domain */,
			);
			path = CorrectMVC;
			sourceTree = "<group>";
		};
		1E63961727D0EBD700DA0B1A /* CorrectMVCTests */ = {
			isa = PBXGroup;
			children = (
				1E06D2E927D8F6A80092351D /* Stubs */,
				1E92992927D8449700F27096 /* Mock */,
				1E92992827D8448C00F27096 /* Tests */,
				1E92992327D8406C00F27096 /* CorrectMVCTests-Bridging-Header.h */,
			);
			path = CorrectMVCTests;
			sourceTree = "<group>";
		};
		1E63962127D0EBD700DA0B1A /* CorrectMVCUITests */ = {
			isa = PBXGroup;
			children = (
				1E63962227D0EBD700DA0B1A /* CorrectMVCUITests.swift */,
				1E63962427D0EBD700DA0B1A /* CorrectMVCUITestsLaunchTests.swift */,
			);
			path = CorrectMVCUITests;
			sourceTree = "<group>";
		};
		1E68FC5A27D4753200057B8D /* Application */ = {
			isa = PBXGroup;
			children = (
				1E63960127D0EBD500DA0B1A /* AppDelegate.swift */,
				1E68FC9827D61E0E00057B8D /* Coordinators */,
				1E68FC5B27D4758200057B8D /* Resources */,
			);
			path = Application;
			sourceTree = "<group>";
		};
		1E68FC5B27D4758200057B8D /* Resources */ = {
			isa = PBXGroup;
			children = (
				1E63960A27D0EBD600DA0B1A /* Assets.xcassets */,
				1E63960C27D0EBD600DA0B1A /* LaunchScreen.storyboard */,
				1E63960F27D0EBD600DA0B1A /* Info.plist */,
			);
			path = Resources;
			sourceTree = "<group>";
		};
		1E68FC5C27D4764200057B8D /* Domain */ = {
			isa = PBXGroup;
			children = (
				1E68FC9227D5FE8200057B8D /* Post.swift */,
				1E68FC6627D4775B00057B8D /* PostListProvider.swift */,
				1E68FC9627D5FF6C00057B8D /* PostListStorage.swift */,
			);
			path = Domain;
			sourceTree = "<group>";
		};
		1E68FC5D27D4764800057B8D /* Configuration */ = {
			isa = PBXGroup;
			children = (
				1E68FCB127D64CCC00057B8D /* Reddit */,
				1E68FCBF27D64DC900057B8D /* RedditPostListProvider.swift */,
				1E68FCA127D626BE00057B8D /* FavoritePostListProvider.swift */,
				1E68FC9427D5FECB00057B8D /* FavoritePostListStorage.swift */,
			);
			path = Configuration;
			sourceTree = "<group>";
		};
		1E68FC5E27D4765100057B8D /* Presentation */ = {
			isa = PBXGroup;
			children = (
				1E68FC8427D5EE6E00057B8D /* PostDetail */,
				1E68FC6127D476BA00057B8D /* PostList */,
				1E68FC7527D4A8C000057B8D /* Base */,
				1E68FC6827D4A6D800057B8D /* Extensions */,
			);
			path = Presentation;
			sourceTree = "<group>";
		};
		1E68FC6127D476BA00057B8D /* PostList */ = {
			isa = PBXGroup;
			children = (
				1E68FCA327D62DBB00057B8D /* Assembly */,
				1E68FC7627D4AA4F00057B8D /* View */,
				1E68FC6327D476D400057B8D /* Model */,
				1E68FC6227D476C000057B8D /* Controller */,
			);
			path = PostList;
			sourceTree = "<group>";
		};
		1E68FC6227D476C000057B8D /* Controller */ = {
			isa = PBXGroup;
			children = (
				1E68FC5F27D476B600057B8D /* PostListController.swift */,
			);
			path = Controller;
			sourceTree = "<group>";
		};
		1E68FC6327D476D400057B8D /* Model */ = {
			isa = PBXGroup;
			children = (
				1E68FC6427D476E200057B8D /* PostListModel.swift */,
			);
			path = Model;
			sourceTree = "<group>";
		};
		1E68FC6827D4A6D800057B8D /* Extensions */ = {
			isa = PBXGroup;
			children = (
				1E06D2F127D9969F0092351D /* UIView+Layout.swift */,
				1E68FC6927D4A7AC00057B8D /* NSObject+TypeName.swift */,
				1E68FC6D27D4A7C000057B8D /* UIView+NibInit.swift */,
				1E68FC6A27D4A7AC00057B8D /* UITableView+Reusable.swift */,
				1E68FC8027D4F32900057B8D /* UICollectionView+Reusable.swift */,
				1E68FC7127D4A81800057B8D /* Reusable.swift */,
			);
			path = Extensions;
			sourceTree = "<group>";
		};
		1E68FC7527D4A8C000057B8D /* Base */ = {
			isa = PBXGroup;
			children = (
				1E68FC7327D4A8BA00057B8D /* BaseViewController.swift */,
				1E68FC8E27D5F7D400057B8D /* BaseView.swift */,
			);
			path = Base;
			sourceTree = "<group>";
		};
		1E68FC7627D4AA4F00057B8D /* View */ = {
			isa = PBXGroup;
			children = (
				1E68FC7727D4AA5800057B8D /* PostListView.swift */,
				1E68FC8227D4F52E00057B8D /* PostListLayout.swift */,
				1E68FC7E27D4F20800057B8D /* PostListCell.swift */,
			);
			path = View;
			sourceTree = "<group>";
		};
		1E68FC8427D5EE6E00057B8D /* PostDetail */ = {
			isa = PBXGroup;
			children = (
				1E68FCA627D6300900057B8D /* Assembly */,
				1E68FC8627D5EEF800057B8D /* Model */,
				1E68FC8727D5EEFD00057B8D /* View */,
				1E68FC8527D5EEF400057B8D /* Controller */,
			);
			path = PostDetail;
			sourceTree = "<group>";
		};
		1E68FC8527D5EEF400057B8D /* Controller */ = {
			isa = PBXGroup;
			children = (
				1E68FC8C27D5EF2100057B8D /* PostDetailController.swift */,
			);
			path = Controller;
			sourceTree = "<group>";
		};
		1E68FC8627D5EEF800057B8D /* Model */ = {
			isa = PBXGroup;
			children = (
				1E68FC8827D5EF0F00057B8D /* PostDetailModel.swift */,
			);
			path = Model;
			sourceTree = "<group>";
		};
		1E68FC8727D5EEFD00057B8D /* View */ = {
			isa = PBXGroup;
			children = (
				1E68FC8A27D5EF1900057B8D /* PostDetailView.swift */,
			);
			path = View;
			sourceTree = "<group>";
		};
		1E68FC9827D61E0E00057B8D /* Coordinators */ = {
			isa = PBXGroup;
			children = (
				1E68FC9D27D61FFC00057B8D /* LaunchCoordinator.swift */,
				1E06D2F327D9A1FA0092351D /* Browse */,
				1E06D2F627D9A3160092351D /* Favorite */,
			);
			path = Coordinators;
			sourceTree = "<group>";
		};
		1E68FCA327D62DBB00057B8D /* Assembly */ = {
			isa = PBXGroup;
			children = (
				1E68FCA427D62DCC00057B8D /* PostListAssembly.swift */,
			);
			path = Assembly;
			sourceTree = "<group>";
		};
		1E68FCA627D6300900057B8D /* Assembly */ = {
			isa = PBXGroup;
			children = (
				1E68FCA727D6301900057B8D /* PostDetailAssembly.swift */,
			);
			path = Assembly;
			sourceTree = "<group>";
		};
		1E68FCB127D64CCC00057B8D /* Reddit */ = {
			isa = PBXGroup;
			children = (
				1E68FCB227D64CE100057B8D /* RedditAPI.swift */,
				1E68FCB627D64D3C00057B8D /* RedditPost.swift */,
				1E68FCB827D64D5100057B8D /* RedditListing.swift */,
				1E68FCB427D64CF000057B8D /* RedditAPIError.swift */,
			);
			path = Reddit;
			sourceTree = "<group>";
		};
		1E92992827D8448C00F27096 /* Tests */ = {
			isa = PBXGroup;
			children = (
				1E06D2F927D9A3B50092351D /* Application */,
				1E06D2EA27D8F6C70092351D /* Presentation */,
				1E92993027D84CE900F27096 /* Configuration */,
			);
			path = Tests;
			sourceTree = "<group>";
		};
		1E92992927D8449700F27096 /* Mock */ = {
			isa = PBXGroup;
			children = (
				1E68FC7C27D4E4C800057B8D /* MockPostListProvider.swift */,
				1E06D2EF27D900270092351D /* MockPostListStorage.swift */,
				1E92992E27D8497000F27096 /* UserDefaults+MockFactory.swift */,
				1E06D2DF27D8EEAC0092351D /* MockRedditAPI.swift */,
			);
			path = Mock;
			sourceTree = "<group>";
		};
		1E92993027D84CE900F27096 /* Configuration */ = {
			isa = PBXGroup;
			children = (
				1E92992427D8406C00F27096 /* FavoritePostListProviderTest.swift */,
				1E92992627D840BA00F27096 /* FavoritePostListStorageTest.swift */,
				1E06D2DD27D8EDD80092351D /* RedditPostListProviderTest.swift */,
			);
			path = Configuration;
			sourceTree = "<group>";
		};
/* End PBXGroup section */

/* Begin PBXNativeTarget section */
		1E6395FD27D0EBD500DA0B1A /* CorrectMVC */ = {
			isa = PBXNativeTarget;
			buildConfigurationList = 1E63962827D0EBD700DA0B1A /* Build configuration list for PBXNativeTarget "CorrectMVC" */;
			buildPhases = (
				1E6395FA27D0EBD500DA0B1A /* Sources */,
				1E6395FB27D0EBD500DA0B1A /* Frameworks */,
				1E6395FC27D0EBD500DA0B1A /* Resources */,
			);
			buildRules = (
			);
			dependencies = (
			);
			name = CorrectMVC;
			packageProductDependencies = (
				1E68FCC227D6553E00057B8D /* SDWebImage */,
			);
			productName = CorrectMVC;
			productReference = 1E6395FE27D0EBD500DA0B1A /* CorrectMVC.app */;
			productType = "com.apple.product-type.application";
		};
		1E63961327D0EBD700DA0B1A /* CorrectMVCTests */ = {
			isa = PBXNativeTarget;
			buildConfigurationList = 1E63962B27D0EBD700DA0B1A /* Build configuration list for PBXNativeTarget "CorrectMVCTests" */;
			buildPhases = (
				1E63961027D0EBD700DA0B1A /* Sources */,
				1E63961127D0EBD700DA0B1A /* Frameworks */,
				1E63961227D0EBD700DA0B1A /* Resources */,
			);
			buildRules = (
			);
			dependencies = (
				1E63961627D0EBD700DA0B1A /* PBXTargetDependency */,
			);
			name = CorrectMVCTests;
			productName = CorrectMVCTests;
			productReference = 1E63961427D0EBD700DA0B1A /* CorrectMVCTests.xctest */;
			productType = "com.apple.product-type.bundle.unit-test";
		};
		1E63961D27D0EBD700DA0B1A /* CorrectMVCUITests */ = {
			isa = PBXNativeTarget;
			buildConfigurationList = 1E63962E27D0EBD700DA0B1A /* Build configuration list for PBXNativeTarget "CorrectMVCUITests" */;
			buildPhases = (
				1E63961A27D0EBD700DA0B1A /* Sources */,
				1E63961B27D0EBD700DA0B1A /* Frameworks */,
				1E63961C27D0EBD700DA0B1A /* Resources */,
			);
			buildRules = (
			);
			dependencies = (
				1E63962027D0EBD700DA0B1A /* PBXTargetDependency */,
			);
			name = CorrectMVCUITests;
			productName = CorrectMVCUITests;
			productReference = 1E63961E27D0EBD700DA0B1A /* CorrectMVCUITests.xctest */;
			productType = "com.apple.product-type.bundle.ui-testing";
		};
/* End PBXNativeTarget section */

/* Begin PBXProject section */
		1E6395F627D0EBD500DA0B1A /* Project object */ = {
			isa = PBXProject;
			attributes = {
				BuildIndependentTargetsInParallel = 1;
				LastSwiftUpdateCheck = 1320;
				LastUpgradeCheck = 1320;
				TargetAttributes = {
					1E6395FD27D0EBD500DA0B1A = {
						CreatedOnToolsVersion = 13.2.1;
					};
					1E63961327D0EBD700DA0B1A = {
						CreatedOnToolsVersion = 13.2.1;
						LastSwiftMigration = 1320;
						TestTargetID = 1E6395FD27D0EBD500DA0B1A;
					};
					1E63961D27D0EBD700DA0B1A = {
						CreatedOnToolsVersion = 13.2.1;
						TestTargetID = 1E6395FD27D0EBD500DA0B1A;
					};
				};
			};
			buildConfigurationList = 1E6395F927D0EBD500DA0B1A /* Build configuration list for PBXProject "CorrectMVC" */;
			compatibilityVersion = "Xcode 13.0";
			developmentRegion = en;
			hasScannedForEncodings = 0;
			knownRegions = (
				en,
				Base,
			);
			mainGroup = 1E6395F527D0EBD500DA0B1A;
			packageReferences = (
				1E68FCC127D6553E00057B8D /* XCRemoteSwiftPackageReference "SDWebImage" */,
			);
			productRefGroup = 1E6395FF27D0EBD500DA0B1A /* Products */;
			projectDirPath = "";
			projectRoot = "";
			targets = (
				1E6395FD27D0EBD500DA0B1A /* CorrectMVC */,
				1E63961327D0EBD700DA0B1A /* CorrectMVCTests */,
				1E63961D27D0EBD700DA0B1A /* CorrectMVCUITests */,
			);
		};
/* End PBXProject section */

/* Begin PBXResourcesBuildPhase section */
		1E6395FC27D0EBD500DA0B1A /* Resources */ = {
			isa = PBXResourcesBuildPhase;
			buildActionMask = 2147483647;
			files = (
				1E63960E27D0EBD600DA0B1A /* LaunchScreen.storyboard in Resources */,
				1E63960B27D0EBD600DA0B1A /* Assets.xcassets in Resources */,
			);
			runOnlyForDeploymentPostprocessing = 0;
		};
		1E63961227D0EBD700DA0B1A /* Resources */ = {
			isa = PBXResourcesBuildPhase;
			buildActionMask = 2147483647;
			files = (
			);
			runOnlyForDeploymentPostprocessing = 0;
		};
		1E63961C27D0EBD700DA0B1A /* Resources */ = {
			isa = PBXResourcesBuildPhase;
			buildActionMask = 2147483647;
			files = (
			);
			runOnlyForDeploymentPostprocessing = 0;
		};
/* End PBXResourcesBuildPhase section */

/* Begin PBXSourcesBuildPhase section */
		1E6395FA27D0EBD500DA0B1A /* Sources */ = {
			isa = PBXSourcesBuildPhase;
			buildActionMask = 2147483647;
			files = (
				1E68FCB327D64CE100057B8D /* RedditAPI.swift in Sources */,
				1E68FCA827D6301900057B8D /* PostDetailAssembly.swift in Sources */,
				1E63960227D0EBD500DA0B1A /* AppDelegate.swift in Sources */,
				1E68FC6027D476B600057B8D /* PostListController.swift in Sources */,
				1E06D2F827D9A32A0092351D /* FavoriteCoordinatorFlow.swift in Sources */,
				1E68FCB727D64D3C00057B8D /* RedditPost.swift in Sources */,
				1E68FC8B27D5EF1900057B8D /* PostDetailView.swift in Sources */,
				1E68FC6B27D4A7AC00057B8D /* NSObject+TypeName.swift in Sources */,
				1E68FC7227D4A81900057B8D /* Reusable.swift in Sources */,
				1E06D2F527D9A22B0092351D /* BrowseCoordinatorFlow.swift in Sources */,
				1E68FCB527D64CF000057B8D /* RedditAPIError.swift in Sources */,
				1E68FC8127D4F32900057B8D /* UICollectionView+Reusable.swift in Sources */,
				1E68FC7827D4AA5800057B8D /* PostListView.swift in Sources */,
				1E68FC6E27D4A7C000057B8D /* UIView+NibInit.swift in Sources */,
				1E68FC7427D4A8BA00057B8D /* BaseViewController.swift in Sources */,
				1E68FCC027D64DC900057B8D /* RedditPostListProvider.swift in Sources */,
				1E68FC8927D5EF0F00057B8D /* PostDetailModel.swift in Sources */,
				1E68FCB927D64D5100057B8D /* RedditListing.swift in Sources */,
				1E06D2F227D9969F0092351D /* UIView+Layout.swift in Sources */,
				1E68FC6727D4775B00057B8D /* PostListProvider.swift in Sources */,
				1E68FC8327D4F52E00057B8D /* PostListLayout.swift in Sources */,
				1E68FCA227D626BE00057B8D /* FavoritePostListProvider.swift in Sources */,
				1E68FC9C27D61EF500057B8D /* BrowseCoordinator.swift in Sources */,
				1E68FC8D27D5EF2100057B8D /* PostDetailController.swift in Sources */,
				1E68FC7F27D4F20800057B8D /* PostListCell.swift in Sources */,
				1E68FC9E27D61FFC00057B8D /* LaunchCoordinator.swift in Sources */,
				1E68FCA027D6263E00057B8D /* FavoriteCoordinator.swift in Sources */,
				1E68FC9527D5FECB00057B8D /* FavoritePostListStorage.swift in Sources */,
				1E68FC8F27D5F7D400057B8D /* BaseView.swift in Sources */,
				1E68FCA527D62DCC00057B8D /* PostListAssembly.swift in Sources */,
				1E68FC9727D5FF6C00057B8D /* PostListStorage.swift in Sources */,
				1E68FC6C27D4A7AC00057B8D /* UITableView+Reusable.swift in Sources */,
				1E68FC6527D476E200057B8D /* PostListModel.swift in Sources */,
				1E68FC9327D5FE8200057B8D /* Post.swift in Sources */,
			);
			runOnlyForDeploymentPostprocessing = 0;
		};
		1E63961027D0EBD700DA0B1A /* Sources */ = {
			isa = PBXSourcesBuildPhase;
			buildActionMask = 2147483647;
			files = (
				1E06D2E827D8F2F40092351D /* PostData+Stub.swift in Sources */,
				1E06D2F027D900270092351D /* MockPostListStorage.swift in Sources */,
				1E06D2EC27D8F7300092351D /* PostListModelTest.swift in Sources */,
				1E06D2E627D8F2750092351D /* ListingData+Stub.swift in Sources */,
				1E06D2E427D8F1F00092351D /* RedditPost+Stub.swift in Sources */,
				1E92992F27D8497000F27096 /* UserDefaults+MockFactory.swift in Sources */,
				1E92992C27D844B400F27096 /* MockPostListProvider.swift in Sources */,
				1E92992527D8406C00F27096 /* FavoritePostListProviderTest.swift in Sources */,
				1E06D2E027D8EEAC0092351D /* MockRedditAPI.swift in Sources */,
				1E92992B27D844B000F27096 /* Post+Stub.swift in Sources */,
				1E06D2EE27D8FFD80092351D /* PostDetailModelTest.swift in Sources */,
				1E06D2DE27D8EDD80092351D /* RedditPostListProviderTest.swift in Sources */,
				1E06D2E227D8F1230092351D /* RedditListing+Stub.swift in Sources */,
				1E92992727D840BA00F27096 /* FavoritePostListStorageTest.swift in Sources */,
			);
			runOnlyForDeploymentPostprocessing = 0;
		};
		1E63961A27D0EBD700DA0B1A /* Sources */ = {
			isa = PBXSourcesBuildPhase;
			buildActionMask = 2147483647;
			files = (
				1E63962527D0EBD700DA0B1A /* CorrectMVCUITestsLaunchTests.swift in Sources */,
				1E63962327D0EBD700DA0B1A /* CorrectMVCUITests.swift in Sources */,
			);
			runOnlyForDeploymentPostprocessing = 0;
		};
/* End PBXSourcesBuildPhase section */

/* Begin PBXTargetDependency section */
		1E63961627D0EBD700DA0B1A /* PBXTargetDependency */ = {
			isa = PBXTargetDependency;
			target = 1E6395FD27D0EBD500DA0B1A /* CorrectMVC */;
			targetProxy = 1E63961527D0EBD700DA0B1A /* PBXContainerItemProxy */;
		};
		1E63962027D0EBD700DA0B1A /* PBXTargetDependency */ = {
			isa = PBXTargetDependency;
			target = 1E6395FD27D0EBD500DA0B1A /* CorrectMVC */;
			targetProxy = 1E63961F27D0EBD700DA0B1A /* PBXContainerItemProxy */;
		};
/* End PBXTargetDependency section */

/* Begin PBXVariantGroup section */
		1E63960C27D0EBD600DA0B1A /* LaunchScreen.storyboard */ = {
			isa = PBXVariantGroup;
			children = (
				1E63960D27D0EBD600DA0B1A /* Base */,
			);
			name = LaunchScreen.storyboard;
			sourceTree = "<group>";
		};
/* End PBXVariantGroup section */

/* Begin XCBuildConfiguration section */
		1E63962627D0EBD700DA0B1A /* Debug */ = {
			isa = XCBuildConfiguration;
			buildSettings = {
				ALWAYS_SEARCH_USER_PATHS = NO;
				CLANG_ANALYZER_NONNULL = YES;
				CLANG_ANALYZER_NUMBER_OBJECT_CONVERSION = YES_AGGRESSIVE;
				CLANG_CXX_LANGUAGE_STANDARD = "gnu++17";
				CLANG_CXX_LIBRARY = "libc++";
				CLANG_ENABLE_MODULES = YES;
				CLANG_ENABLE_OBJC_ARC = YES;
				CLANG_ENABLE_OBJC_WEAK = YES;
				CLANG_WARN_BLOCK_CAPTURE_AUTORELEASING = YES;
				CLANG_WARN_BOOL_CONVERSION = YES;
				CLANG_WARN_COMMA = YES;
				CLANG_WARN_CONSTANT_CONVERSION = YES;
				CLANG_WARN_DEPRECATED_OBJC_IMPLEMENTATIONS = YES;
				CLANG_WARN_DIRECT_OBJC_ISA_USAGE = YES_ERROR;
				CLANG_WARN_DOCUMENTATION_COMMENTS = YES;
				CLANG_WARN_EMPTY_BODY = YES;
				CLANG_WARN_ENUM_CONVERSION = YES;
				CLANG_WARN_INFINITE_RECURSION = YES;
				CLANG_WARN_INT_CONVERSION = YES;
				CLANG_WARN_NON_LITERAL_NULL_CONVERSION = YES;
				CLANG_WARN_OBJC_IMPLICIT_RETAIN_SELF = YES;
				CLANG_WARN_OBJC_LITERAL_CONVERSION = YES;
				CLANG_WARN_OBJC_ROOT_CLASS = YES_ERROR;
				CLANG_WARN_QUOTED_INCLUDE_IN_FRAMEWORK_HEADER = YES;
				CLANG_WARN_RANGE_LOOP_ANALYSIS = YES;
				CLANG_WARN_STRICT_PROTOTYPES = YES;
				CLANG_WARN_SUSPICIOUS_MOVE = YES;
				CLANG_WARN_UNGUARDED_AVAILABILITY = YES_AGGRESSIVE;
				CLANG_WARN_UNREACHABLE_CODE = YES;
				CLANG_WARN__DUPLICATE_METHOD_MATCH = YES;
				COPY_PHASE_STRIP = NO;
				DEBUG_INFORMATION_FORMAT = dwarf;
				ENABLE_STRICT_OBJC_MSGSEND = YES;
				ENABLE_TESTABILITY = YES;
				GCC_C_LANGUAGE_STANDARD = gnu11;
				GCC_DYNAMIC_NO_PIC = NO;
				GCC_NO_COMMON_BLOCKS = YES;
				GCC_OPTIMIZATION_LEVEL = 0;
				GCC_PREPROCESSOR_DEFINITIONS = (
					"DEBUG=1",
					"$(inherited)",
				);
				GCC_WARN_64_TO_32_BIT_CONVERSION = YES;
				GCC_WARN_ABOUT_RETURN_TYPE = YES_ERROR;
				GCC_WARN_UNDECLARED_SELECTOR = YES;
				GCC_WARN_UNINITIALIZED_AUTOS = YES_AGGRESSIVE;
				GCC_WARN_UNUSED_FUNCTION = YES;
				GCC_WARN_UNUSED_VARIABLE = YES;
				IPHONEOS_DEPLOYMENT_TARGET = 15.2;
				MTL_ENABLE_DEBUG_INFO = INCLUDE_SOURCE;
				MTL_FAST_MATH = YES;
				ONLY_ACTIVE_ARCH = YES;
				SDKROOT = iphoneos;
				SWIFT_ACTIVE_COMPILATION_CONDITIONS = DEBUG;
				SWIFT_OPTIMIZATION_LEVEL = "-Onone";
			};
			name = Debug;
		};
		1E63962727D0EBD700DA0B1A /* Release */ = {
			isa = XCBuildConfiguration;
			buildSettings = {
				ALWAYS_SEARCH_USER_PATHS = NO;
				CLANG_ANALYZER_NONNULL = YES;
				CLANG_ANALYZER_NUMBER_OBJECT_CONVERSION = YES_AGGRESSIVE;
				CLANG_CXX_LANGUAGE_STANDARD = "gnu++17";
				CLANG_CXX_LIBRARY = "libc++";
				CLANG_ENABLE_MODULES = YES;
				CLANG_ENABLE_OBJC_ARC = YES;
				CLANG_ENABLE_OBJC_WEAK = YES;
				CLANG_WARN_BLOCK_CAPTURE_AUTORELEASING = YES;
				CLANG_WARN_BOOL_CONVERSION = YES;
				CLANG_WARN_COMMA = YES;
				CLANG_WARN_CONSTANT_CONVERSION = YES;
				CLANG_WARN_DEPRECATED_OBJC_IMPLEMENTATIONS = YES;
				CLANG_WARN_DIRECT_OBJC_ISA_USAGE = YES_ERROR;
				CLANG_WARN_DOCUMENTATION_COMMENTS = YES;
				CLANG_WARN_EMPTY_BODY = YES;
				CLANG_WARN_ENUM_CONVERSION = YES;
				CLANG_WARN_INFINITE_RECURSION = YES;
				CLANG_WARN_INT_CONVERSION = YES;
				CLANG_WARN_NON_LITERAL_NULL_CONVERSION = YES;
				CLANG_WARN_OBJC_IMPLICIT_RETAIN_SELF = YES;
				CLANG_WARN_OBJC_LITERAL_CONVERSION = YES;
				CLANG_WARN_OBJC_ROOT_CLASS = YES_ERROR;
				CLANG_WARN_QUOTED_INCLUDE_IN_FRAMEWORK_HEADER = YES;
				CLANG_WARN_RANGE_LOOP_ANALYSIS = YES;
				CLANG_WARN_STRICT_PROTOTYPES = YES;
				CLANG_WARN_SUSPICIOUS_MOVE = YES;
				CLANG_WARN_UNGUARDED_AVAILABILITY = YES_AGGRESSIVE;
				CLANG_WARN_UNREACHABLE_CODE = YES;
				CLANG_WARN__DUPLICATE_METHOD_MATCH = YES;
				COPY_PHASE_STRIP = NO;
				DEBUG_INFORMATION_FORMAT = "dwarf-with-dsym";
				ENABLE_NS_ASSERTIONS = NO;
				ENABLE_STRICT_OBJC_MSGSEND = YES;
				GCC_C_LANGUAGE_STANDARD = gnu11;
				GCC_NO_COMMON_BLOCKS = YES;
				GCC_WARN_64_TO_32_BIT_CONVERSION = YES;
				GCC_WARN_ABOUT_RETURN_TYPE = YES_ERROR;
				GCC_WARN_UNDECLARED_SELECTOR = YES;
				GCC_WARN_UNINITIALIZED_AUTOS = YES_AGGRESSIVE;
				GCC_WARN_UNUSED_FUNCTION = YES;
				GCC_WARN_UNUSED_VARIABLE = YES;
				IPHONEOS_DEPLOYMENT_TARGET = 15.2;
				MTL_ENABLE_DEBUG_INFO = NO;
				MTL_FAST_MATH = YES;
				SDKROOT = iphoneos;
				SWIFT_COMPILATION_MODE = wholemodule;
				SWIFT_OPTIMIZATION_LEVEL = "-O";
				VALIDATE_PRODUCT = YES;
			};
			name = Release;
		};
		1E63962927D0EBD700DA0B1A /* Debug */ = {
			isa = XCBuildConfiguration;
			buildSettings = {
				ASSETCATALOG_COMPILER_APPICON_NAME = AppIcon;
				ASSETCATALOG_COMPILER_GLOBAL_ACCENT_COLOR_NAME = AccentColor;
				CODE_SIGN_STYLE = Automatic;
				CURRENT_PROJECT_VERSION = 1;
				DEVELOPMENT_TEAM = J7WYSA4KJU;
				GENERATE_INFOPLIST_FILE = YES;
				INFOPLIST_FILE = CorrectMVC/Application/Resources/Info.plist;
				INFOPLIST_KEY_UIApplicationSupportsIndirectInputEvents = YES;
				INFOPLIST_KEY_UILaunchStoryboardName = LaunchScreen;
				INFOPLIST_KEY_UISupportedInterfaceOrientations_iPad = "UIInterfaceOrientationPortrait UIInterfaceOrientationPortraitUpsideDown UIInterfaceOrientationLandscapeLeft UIInterfaceOrientationLandscapeRight";
				INFOPLIST_KEY_UISupportedInterfaceOrientations_iPhone = "UIInterfaceOrientationPortrait UIInterfaceOrientationLandscapeLeft UIInterfaceOrientationLandscapeRight";
				IPHONEOS_DEPLOYMENT_TARGET = 15.2;
				LD_RUNPATH_SEARCH_PATHS = (
					"$(inherited)",
					"@executable_path/Frameworks",
				);
				MARKETING_VERSION = 1.0;
				PRODUCT_BUNDLE_IDENTIFIER = com.MK.CorrectMVC;
				PRODUCT_NAME = "$(TARGET_NAME)";
				SWIFT_EMIT_LOC_STRINGS = YES;
				SWIFT_VERSION = 5.0;
				TARGETED_DEVICE_FAMILY = 1;
			};
			name = Debug;
		};
		1E63962A27D0EBD700DA0B1A /* Release */ = {
			isa = XCBuildConfiguration;
			buildSettings = {
				ASSETCATALOG_COMPILER_APPICON_NAME = AppIcon;
				ASSETCATALOG_COMPILER_GLOBAL_ACCENT_COLOR_NAME = AccentColor;
				CODE_SIGN_STYLE = Automatic;
				CURRENT_PROJECT_VERSION = 1;
				DEVELOPMENT_TEAM = J7WYSA4KJU;
				GENERATE_INFOPLIST_FILE = YES;
				INFOPLIST_FILE = CorrectMVC/Application/Resources/Info.plist;
				INFOPLIST_KEY_UIApplicationSupportsIndirectInputEvents = YES;
				INFOPLIST_KEY_UILaunchStoryboardName = LaunchScreen;
				INFOPLIST_KEY_UISupportedInterfaceOrientations_iPad = "UIInterfaceOrientationPortrait UIInterfaceOrientationPortraitUpsideDown UIInterfaceOrientationLandscapeLeft UIInterfaceOrientationLandscapeRight";
				INFOPLIST_KEY_UISupportedInterfaceOrientations_iPhone = "UIInterfaceOrientationPortrait UIInterfaceOrientationLandscapeLeft UIInterfaceOrientationLandscapeRight";
				IPHONEOS_DEPLOYMENT_TARGET = 15.2;
				LD_RUNPATH_SEARCH_PATHS = (
					"$(inherited)",
					"@executable_path/Frameworks",
				);
				MARKETING_VERSION = 1.0;
				PRODUCT_BUNDLE_IDENTIFIER = com.MK.CorrectMVC;
				PRODUCT_NAME = "$(TARGET_NAME)";
				SWIFT_EMIT_LOC_STRINGS = YES;
				SWIFT_VERSION = 5.0;
				TARGETED_DEVICE_FAMILY = 1;
			};
			name = Release;
		};
		1E63962C27D0EBD700DA0B1A /* Debug */ = {
			isa = XCBuildConfiguration;
			buildSettings = {
				ALWAYS_EMBED_SWIFT_STANDARD_LIBRARIES = YES;
				BUNDLE_LOADER = "$(TEST_HOST)";
				CLANG_ENABLE_MODULES = YES;
				CODE_SIGN_STYLE = Automatic;
				CURRENT_PROJECT_VERSION = 1;
				DEVELOPMENT_TEAM = J7WYSA4KJU;
				GENERATE_INFOPLIST_FILE = YES;
				IPHONEOS_DEPLOYMENT_TARGET = 15.2;
				LD_RUNPATH_SEARCH_PATHS = (
					"$(inherited)",
					"@executable_path/Frameworks",
					"@loader_path/Frameworks",
				);
				MARKETING_VERSION = 1.0;
				PRODUCT_BUNDLE_IDENTIFIER = com.MK.CorrectMVCTests;
				PRODUCT_NAME = "$(TARGET_NAME)";
				SWIFT_EMIT_LOC_STRINGS = NO;
				SWIFT_OBJC_BRIDGING_HEADER = "CorrectMVCTests/CorrectMVCTests-Bridging-Header.h";
				SWIFT_OPTIMIZATION_LEVEL = "-Onone";
				SWIFT_VERSION = 5.0;
				TARGETED_DEVICE_FAMILY = "1,2";
				TEST_HOST = "$(BUILT_PRODUCTS_DIR)/CorrectMVC.app/CorrectMVC";
			};
			name = Debug;
		};
		1E63962D27D0EBD700DA0B1A /* Release */ = {
			isa = XCBuildConfiguration;
			buildSettings = {
				ALWAYS_EMBED_SWIFT_STANDARD_LIBRARIES = YES;
				BUNDLE_LOADER = "$(TEST_HOST)";
				CLANG_ENABLE_MODULES = YES;
				CODE_SIGN_STYLE = Automatic;
				CURRENT_PROJECT_VERSION = 1;
				DEVELOPMENT_TEAM = J7WYSA4KJU;
				GENERATE_INFOPLIST_FILE = YES;
				IPHONEOS_DEPLOYMENT_TARGET = 15.2;
				LD_RUNPATH_SEARCH_PATHS = (
					"$(inherited)",
					"@executable_path/Frameworks",
					"@loader_path/Frameworks",
				);
				MARKETING_VERSION = 1.0;
				PRODUCT_BUNDLE_IDENTIFIER = com.MK.CorrectMVCTests;
				PRODUCT_NAME = "$(TARGET_NAME)";
				SWIFT_EMIT_LOC_STRINGS = NO;
				SWIFT_OBJC_BRIDGING_HEADER = "CorrectMVCTests/CorrectMVCTests-Bridging-Header.h";
				SWIFT_VERSION = 5.0;
				TARGETED_DEVICE_FAMILY = "1,2";
				TEST_HOST = "$(BUILT_PRODUCTS_DIR)/CorrectMVC.app/CorrectMVC";
			};
			name = Release;
		};
		1E63962F27D0EBD700DA0B1A /* Debug */ = {
			isa = XCBuildConfiguration;
			buildSettings = {
				ALWAYS_EMBED_SWIFT_STANDARD_LIBRARIES = "$(inherited)";
				CODE_SIGN_STYLE = Automatic;
				CURRENT_PROJECT_VERSION = 1;
				DEVELOPMENT_TEAM = J7WYSA4KJU;
				GENERATE_INFOPLIST_FILE = YES;
				MARKETING_VERSION = 1.0;
				PRODUCT_BUNDLE_IDENTIFIER = com.MK.CorrectMVCUITests;
				PRODUCT_NAME = "$(TARGET_NAME)";
				SWIFT_EMIT_LOC_STRINGS = NO;
				SWIFT_VERSION = 5.0;
				TARGETED_DEVICE_FAMILY = "1,2";
				TEST_TARGET_NAME = CorrectMVC;
			};
			name = Debug;
		};
		1E63963027D0EBD700DA0B1A /* Release */ = {
			isa = XCBuildConfiguration;
			buildSettings = {
				ALWAYS_EMBED_SWIFT_STANDARD_LIBRARIES = "$(inherited)";
				CODE_SIGN_STYLE = Automatic;
				CURRENT_PROJECT_VERSION = 1;
				DEVELOPMENT_TEAM = J7WYSA4KJU;
				GENERATE_INFOPLIST_FILE = YES;
				MARKETING_VERSION = 1.0;
				PRODUCT_BUNDLE_IDENTIFIER = com.MK.CorrectMVCUITests;
				PRODUCT_NAME = "$(TARGET_NAME)";
				SWIFT_EMIT_LOC_STRINGS = NO;
				SWIFT_VERSION = 5.0;
				TARGETED_DEVICE_FAMILY = "1,2";
				TEST_TARGET_NAME = CorrectMVC;
			};
			name = Release;
		};
/* End XCBuildConfiguration section */

/* Begin XCConfigurationList section */
		1E6395F927D0EBD500DA0B1A /* Build configuration list for PBXProject "CorrectMVC" */ = {
			isa = XCConfigurationList;
			buildConfigurations = (
				1E63962627D0EBD700DA0B1A /* Debug */,
				1E63962727D0EBD700DA0B1A /* Release */,
			);
			defaultConfigurationIsVisible = 0;
			defaultConfigurationName = Release;
		};
		1E63962827D0EBD700DA0B1A /* Build configuration list for PBXNativeTarget "CorrectMVC" */ = {
			isa = XCConfigurationList;
			buildConfigurations = (
				1E63962927D0EBD700DA0B1A /* Debug */,
				1E63962A27D0EBD700DA0B1A /* Release */,
			);
			defaultConfigurationIsVisible = 0;
			defaultConfigurationName = Release;
		};
		1E63962B27D0EBD700DA0B1A /* Build configuration list for PBXNativeTarget "CorrectMVCTests" */ = {
			isa = XCConfigurationList;
			buildConfigurations = (
				1E63962C27D0EBD700DA0B1A /* Debug */,
				1E63962D27D0EBD700DA0B1A /* Release */,
			);
			defaultConfigurationIsVisible = 0;
			defaultConfigurationName = Release;
		};
		1E63962E27D0EBD700DA0B1A /* Build configuration list for PBXNativeTarget "CorrectMVCUITests" */ = {
			isa = XCConfigurationList;
			buildConfigurations = (
				1E63962F27D0EBD700DA0B1A /* Debug */,
				1E63963027D0EBD700DA0B1A /* Release */,
			);
			defaultConfigurationIsVisible = 0;
			defaultConfigurationName = Release;
		};
/* End XCConfigurationList section */

/* Begin XCRemoteSwiftPackageReference section */
		1E68FCC127D6553E00057B8D /* XCRemoteSwiftPackageReference "SDWebImage" */ = {
			isa = XCRemoteSwiftPackageReference;
			repositoryURL = "https://github.com/SDWebImage/SDWebImage.git";
			requirement = {
				kind = upToNextMajorVersion;
				minimumVersion = 5.0.0;
			};
		};
/* End XCRemoteSwiftPackageReference section */

/* Begin XCSwiftPackageProductDependency section */
		1E68FCC227D6553E00057B8D /* SDWebImage */ = {
			isa = XCSwiftPackageProductDependency;
			package = 1E68FCC127D6553E00057B8D /* XCRemoteSwiftPackageReference "SDWebImage" */;
			productName = SDWebImage;
		};
/* End XCSwiftPackageProductDependency section */
	};
	rootObject = 1E6395F627D0EBD500DA0B1A /* Project object */;
}
